
Microsoft Visual Studio Solution File, Format Version 12.00
# Visual Studio Version 16
VisualStudioVersion = 16.0.30517.126
MinimumVisualStudioVersion = 10.0.40219.1
Project("{FAE04EC0-301F-11D3-BF4B-00C04F79EFBC}") = "IntroductionPractice", "IntroductionPractice\IntroductionPractice.csproj", "{5FE72842-27B9-4CFA-9EF1-7F47300EB328}"
EndProject
Project("{FAE04EC0-301F-11D3-BF4B-00C04F79EFBC}") = "FeaturesPractice", "FeaturesPractice\FeaturesPractice.csproj", "{4B794DB8-18F4-4196-8973-77C9AB8F4C06}"
EndProject
Project("{FAE04EC0-301F-11D3-BF4B-00C04F79EFBC}") = "QueriesPractice", "QueriesPractice\QueriesPractice.csproj", "{4DAC1E10-D7E4-4015-82DA-444F613C1E4E}"
EndProject
Project("{FAE04EC0-301F-11D3-BF4B-00C04F79EFBC}") = "Cars", "Cars\Cars.csproj", "{F2DCD335-D91C-40A1-BD2B-6C4D88A33C5A}"
EndProject
Global
	GlobalSection(SolutionConfigurationPlatforms) = preSolution
		Debug|Any CPU = Debug|Any CPU
		Release|Any CPU = Release|Any CPU
	EndGlobalSection
	GlobalSection(ProjectConfigurationPlatforms) = postSolution
		{5FE72842-27B9-4CFA-9EF1-7F47300EB328}.Debug|Any CPU.ActiveCfg = Debug|Any CPU
		{5FE72842-27B9-4CFA-9EF1-7F47300EB328}.Debug|Any CPU.Build.0 = Debug|Any CPU
		{5FE72842-27B9-4CFA-9EF1-7F47300EB328}.Release|Any CPU.ActiveCfg = Release|Any CPU
		{5FE72842-27B9-4CFA-9EF1-7F47300EB328}.Release|Any CPU.Build.0 = Release|Any CPU
		{4B794DB8-18F4-4196-8973-77C9AB8F4C06}.Debug|Any CPU.ActiveCfg = Debug|Any CPU
		{4B794DB8-18F4-4196-8973-77C9AB8F4C06}.Debug|Any CPU.Build.0 = Debug|Any CPU
		{4B794DB8-18F4-4196-8973-77C9AB8F4C06}.Release|Any CPU.ActiveCfg = Release|Any CPU
		{4B794DB8-18F4-4196-8973-77C9AB8F4C06}.Release|Any CPU.Build.0 = Release|Any CPU
		{4DAC1E10-D7E4-4015-82DA-444F613C1E4E}.Debug|Any CPU.ActiveCfg = Debug|Any CPU
		{4DAC1E10-D7E4-4015-82DA-444F613C1E4E}.Debug|Any CPU.Build.0 = Debug|Any CPU
		{4DAC1E10-D7E4-4015-82DA-444F613C1E4E}.Release|Any CPU.ActiveCfg = Release|Any CPU
		{4DAC1E10-D7E4-4015-82DA-444F613C1E4E}.Release|Any CPU.Build.0 = Release|Any CPU
		{F2DCD335-D91C-40A1-BD2B-6C4D88A33C5A}.Debug|Any CPU.ActiveCfg = Debug|Any CPU
		{F2DCD335-D91C-40A1-BD2B-6C4D88A33C5A}.Debug|Any CPU.Build.0 = Debug|Any CPU
		{F2DCD335-D91C-40A1-BD2B-6C4D88A33C5A}.Release|Any CPU.ActiveCfg = Release|Any CPU
		{F2DCD335-D91C-40A1-BD2B-6C4D88A33C5A}.Release|Any CPU.Build.0 = Release|Any CPU
	EndGlobalSection
	GlobalSection(SolutionProperties) = preSolution
		HideSolutionNode = FALSE
	EndGlobalSection
	GlobalSection(ExtensibilityGlobals) = postSolution
		SolutionGuid = {1F8CC260-D8BC-4B32-9492-D8000195B0DC}
	EndGlobalSection
EndGlobal
